
Microsoft Visual Studio Solution File, Format Version 12.00
# Visual Studio Version 17
VisualStudioVersion = 17.0.31903.59
MinimumVisualStudioVersion = 10.0.40219.1
Project("{2150E333-8FDC-42A3-9474-1A3956D46DE8}") = "src", "src", "{827E0CD3-B72D-47B6-A68D-7590B98EB39B}"
EndProject
Project("{FAE04EC0-301F-11D3-BF4B-00C04F79EFBC}") = "FluentAnnotationsValidator", "src\FluentAnnotationsValidator\FluentAnnotationsValidator.csproj", "{2C760301-627E-4A69-BED5-3F6F7D66D020}"
EndProject
Project("{2150E333-8FDC-42A3-9474-1A3956D46DE8}") = "tests", "tests", "{0AB3BF05-4346-4AA6-1389-037BE0695223}"
EndProject
Project("{2150E333-8FDC-42A3-9474-1A3956D46DE8}") = "docs", "docs", "{02EA681E-C7D8-13C7-8484-4AC65E1B71E8}"
	ProjectSection(SolutionItems) = preProject
		docs\architecture.md = docs\architecture.md
		docs\customization.md = docs\customization.md
		docs\index.md = docs\index.md
		docs\localization.md = docs\localization.md
		docs\validation-flow.md = docs\validation-flow.md
	EndProjectSection
EndProject
Project("{2150E333-8FDC-42A3-9474-1A3956D46DE8}") = "configuration", "configuration", "{914547E5-5E94-453B-AB0E-81DF065436B4}"
	ProjectSection(SolutionItems) = preProject
		docs\configuration\fluent.md = docs\configuration\fluent.md
	EndProjectSection
EndProject
Project("{2150E333-8FDC-42A3-9474-1A3956D46DE8}") = "root-docs", "root-docs", "{8EC462FD-D22E-90A8-E5CE-7E832BA40C5D}"
	ProjectSection(SolutionItems) = preProject
		CHANGELOG.md = CHANGELOG.md
		CONTRIBUTING.md = CONTRIBUTING.md
		README.md = README.md
	EndProjectSection
EndProject
Project("{2150E333-8FDC-42A3-9474-1A3956D46DE8}") = ".github", ".github", "{4ED0E655-3656-4352-87D1-27B71E707010}"
EndProject
Project("{2150E333-8FDC-42A3-9474-1A3956D46DE8}") = "workflows", "workflows", "{0C200576-93CD-4386-868E-030D242DF945}"
	ProjectSection(SolutionItems) = preProject
		.github\workflows\build.yml = .github\workflows\build.yml
		.github\workflows\nuget-publish.yml = .github\workflows\nuget-publish.yml
		.github\workflows\test.yml = .github\workflows\test.yml
	EndProjectSection
EndProject
Project("{FAE04EC0-301F-11D3-BF4B-00C04F79EFBC}") = "FluentAnnotationsValidator.Tests", "tests\FluentAnnotationsValidator.Tests\FluentAnnotationsValidator.Tests.csproj", "{0BF07DA6-7EB2-4B02-93C2-51D6C7510690}"
EndProject
Project("{FAE04EC0-301F-11D3-BF4B-00C04F79EFBC}") = "FluentAnnotationsValidator.Annotations", "src\FluentAnnotationsValidator.Annotations\FluentAnnotationsValidator.Annotations.csproj", "{6CDEE5E7-9252-4069-AAD9-F33BCA1B9A2F}"
EndProject
Project("{FAE04EC0-301F-11D3-BF4B-00C04F79EFBC}") = "FluentAnnotationsValidator.Core", "src\FluentAnnotationsValidator.Core\FluentAnnotationsValidator.Core.csproj", "{A2FC0E4C-0DA2-4960-9C83-02CA1EB5B7C6}"
EndProject
Project("{FAE04EC0-301F-11D3-BF4B-00C04F79EFBC}") = "FluentAnnotationsValidator.Runtime", "src\FluentAnnotationsValidator.Runtime\FluentAnnotationsValidator.Runtime.csproj", "{8E49AD42-946F-4E56-9BE0-5FE2EF18BF3E}"
EndProject
Project("{2150E333-8FDC-42A3-9474-1A3956D46DE8}") = "demos", "demos", "{079A8F42-8708-4B24-BCE9-6CFCA0B53076}"
EndProject
Project("{FAE04EC0-301F-11D3-BF4B-00C04F79EFBC}") = "Demo.WebApi", "demos\src\Demo.WebApi\Demo.WebApi.csproj", "{87AD9B7B-E94C-5740-18D9-134AAAA601CA}"
EndProject
Project("{FAE04EC0-301F-11D3-BF4B-00C04F79EFBC}") = "Demo.Application", "demos\src\Demo.Application\Demo.Application.csproj", "{9379D98B-4AE7-49C1-9D71-D30FC01ECA7A}"
EndProject
Project("{FAE04EC0-301F-11D3-BF4B-00C04F79EFBC}") = "Demo.Domain", "demos\src\Demo.Domain\Demo.Domain.csproj", "{1EE9CCAD-94AA-4191-AC36-EF3E9DAD26CC}"
EndProject
Project("{FAE04EC0-301F-11D3-BF4B-00C04F79EFBC}") = "Demo.Infrastructure", "demos\src\Demo.Infrastructure\Demo.Infrastructure.csproj", "{4CB1DB19-8D42-49E9-BE95-AEE5CF51F0F3}"
EndProject
Project("{FAE04EC0-301F-11D3-BF4B-00C04F79EFBC}") = "FluentAnnotationsValidator.AspNetCore", "src\FluentAnnotationsValidator.AspNetCore\FluentAnnotationsValidator.AspNetCore.csproj", "{4522641E-B24B-481F-8F96-D0A86CE4E541}"
EndProject
Global
	GlobalSection(SolutionConfigurationPlatforms) = preSolution
		Debug|Any CPU = Debug|Any CPU
		Debug|x64 = Debug|x64
		Debug|x86 = Debug|x86
		Release|Any CPU = Release|Any CPU
		Release|x64 = Release|x64
		Release|x86 = Release|x86
	EndGlobalSection
	GlobalSection(ProjectConfigurationPlatforms) = postSolution
		{2C760301-627E-4A69-BED5-3F6F7D66D020}.Debug|Any CPU.ActiveCfg = Debug|Any CPU
		{2C760301-627E-4A69-BED5-3F6F7D66D020}.Debug|Any CPU.Build.0 = Debug|Any CPU
		{2C760301-627E-4A69-BED5-3F6F7D66D020}.Debug|x64.ActiveCfg = Debug|Any CPU
		{2C760301-627E-4A69-BED5-3F6F7D66D020}.Debug|x64.Build.0 = Debug|Any CPU
		{2C760301-627E-4A69-BED5-3F6F7D66D020}.Debug|x86.ActiveCfg = Debug|Any CPU
		{2C760301-627E-4A69-BED5-3F6F7D66D020}.Debug|x86.Build.0 = Debug|Any CPU
		{2C760301-627E-4A69-BED5-3F6F7D66D020}.Release|Any CPU.ActiveCfg = Release|Any CPU
		{2C760301-627E-4A69-BED5-3F6F7D66D020}.Release|Any CPU.Build.0 = Release|Any CPU
		{2C760301-627E-4A69-BED5-3F6F7D66D020}.Release|x64.ActiveCfg = Release|Any CPU
		{2C760301-627E-4A69-BED5-3F6F7D66D020}.Release|x64.Build.0 = Release|Any CPU
		{2C760301-627E-4A69-BED5-3F6F7D66D020}.Release|x86.ActiveCfg = Release|Any CPU
		{2C760301-627E-4A69-BED5-3F6F7D66D020}.Release|x86.Build.0 = Release|Any CPU
		{0BF07DA6-7EB2-4B02-93C2-51D6C7510690}.Debug|Any CPU.ActiveCfg = Debug|Any CPU
		{0BF07DA6-7EB2-4B02-93C2-51D6C7510690}.Debug|Any CPU.Build.0 = Debug|Any CPU
		{0BF07DA6-7EB2-4B02-93C2-51D6C7510690}.Debug|x64.ActiveCfg = Debug|Any CPU
		{0BF07DA6-7EB2-4B02-93C2-51D6C7510690}.Debug|x64.Build.0 = Debug|Any CPU
		{0BF07DA6-7EB2-4B02-93C2-51D6C7510690}.Debug|x86.ActiveCfg = Debug|Any CPU
		{0BF07DA6-7EB2-4B02-93C2-51D6C7510690}.Debug|x86.Build.0 = Debug|Any CPU
		{0BF07DA6-7EB2-4B02-93C2-51D6C7510690}.Release|Any CPU.ActiveCfg = Release|Any CPU
		{0BF07DA6-7EB2-4B02-93C2-51D6C7510690}.Release|Any CPU.Build.0 = Release|Any CPU
		{0BF07DA6-7EB2-4B02-93C2-51D6C7510690}.Release|x64.ActiveCfg = Release|Any CPU
		{0BF07DA6-7EB2-4B02-93C2-51D6C7510690}.Release|x64.Build.0 = Release|Any CPU
		{0BF07DA6-7EB2-4B02-93C2-51D6C7510690}.Release|x86.ActiveCfg = Release|Any CPU
		{0BF07DA6-7EB2-4B02-93C2-51D6C7510690}.Release|x86.Build.0 = Release|Any CPU
		{6CDEE5E7-9252-4069-AAD9-F33BCA1B9A2F}.Debug|Any CPU.ActiveCfg = Debug|Any CPU
		{6CDEE5E7-9252-4069-AAD9-F33BCA1B9A2F}.Debug|Any CPU.Build.0 = Debug|Any CPU
		{6CDEE5E7-9252-4069-AAD9-F33BCA1B9A2F}.Debug|x64.ActiveCfg = Debug|Any CPU
		{6CDEE5E7-9252-4069-AAD9-F33BCA1B9A2F}.Debug|x64.Build.0 = Debug|Any CPU
		{6CDEE5E7-9252-4069-AAD9-F33BCA1B9A2F}.Debug|x86.ActiveCfg = Debug|Any CPU
		{6CDEE5E7-9252-4069-AAD9-F33BCA1B9A2F}.Debug|x86.Build.0 = Debug|Any CPU
		{6CDEE5E7-9252-4069-AAD9-F33BCA1B9A2F}.Release|Any CPU.ActiveCfg = Release|Any CPU
		{6CDEE5E7-9252-4069-AAD9-F33BCA1B9A2F}.Release|Any CPU.Build.0 = Release|Any CPU
		{6CDEE5E7-9252-4069-AAD9-F33BCA1B9A2F}.Release|x64.ActiveCfg = Release|Any CPU
		{6CDEE5E7-9252-4069-AAD9-F33BCA1B9A2F}.Release|x64.Build.0 = Release|Any CPU
		{6CDEE5E7-9252-4069-AAD9-F33BCA1B9A2F}.Release|x86.ActiveCfg = Release|Any CPU
		{6CDEE5E7-9252-4069-AAD9-F33BCA1B9A2F}.Release|x86.Build.0 = Release|Any CPU
		{A2FC0E4C-0DA2-4960-9C83-02CA1EB5B7C6}.Debug|Any CPU.ActiveCfg = Debug|Any CPU
		{A2FC0E4C-0DA2-4960-9C83-02CA1EB5B7C6}.Debug|Any CPU.Build.0 = Debug|Any CPU
		{A2FC0E4C-0DA2-4960-9C83-02CA1EB5B7C6}.Debug|x64.ActiveCfg = Debug|Any CPU
		{A2FC0E4C-0DA2-4960-9C83-02CA1EB5B7C6}.Debug|x64.Build.0 = Debug|Any CPU
		{A2FC0E4C-0DA2-4960-9C83-02CA1EB5B7C6}.Debug|x86.ActiveCfg = Debug|Any CPU
		{A2FC0E4C-0DA2-4960-9C83-02CA1EB5B7C6}.Debug|x86.Build.0 = Debug|Any CPU
		{A2FC0E4C-0DA2-4960-9C83-02CA1EB5B7C6}.Release|Any CPU.ActiveCfg = Release|Any CPU
		{A2FC0E4C-0DA2-4960-9C83-02CA1EB5B7C6}.Release|Any CPU.Build.0 = Release|Any CPU
		{A2FC0E4C-0DA2-4960-9C83-02CA1EB5B7C6}.Release|x64.ActiveCfg = Release|Any CPU
		{A2FC0E4C-0DA2-4960-9C83-02CA1EB5B7C6}.Release|x64.Build.0 = Release|Any CPU
		{A2FC0E4C-0DA2-4960-9C83-02CA1EB5B7C6}.Release|x86.ActiveCfg = Release|Any CPU
		{A2FC0E4C-0DA2-4960-9C83-02CA1EB5B7C6}.Release|x86.Build.0 = Release|Any CPU
		{8E49AD42-946F-4E56-9BE0-5FE2EF18BF3E}.Debug|Any CPU.ActiveCfg = Debug|Any CPU
		{8E49AD42-946F-4E56-9BE0-5FE2EF18BF3E}.Debug|Any CPU.Build.0 = Debug|Any CPU
		{8E49AD42-946F-4E56-9BE0-5FE2EF18BF3E}.Debug|x64.ActiveCfg = Debug|Any CPU
		{8E49AD42-946F-4E56-9BE0-5FE2EF18BF3E}.Debug|x64.Build.0 = Debug|Any CPU
		{8E49AD42-946F-4E56-9BE0-5FE2EF18BF3E}.Debug|x86.ActiveCfg = Debug|Any CPU
		{8E49AD42-946F-4E56-9BE0-5FE2EF18BF3E}.Debug|x86.Build.0 = Debug|Any CPU
		{8E49AD42-946F-4E56-9BE0-5FE2EF18BF3E}.Release|Any CPU.ActiveCfg = Release|Any CPU
		{8E49AD42-946F-4E56-9BE0-5FE2EF18BF3E}.Release|Any CPU.Build.0 = Release|Any CPU
		{8E49AD42-946F-4E56-9BE0-5FE2EF18BF3E}.Release|x64.ActiveCfg = Release|Any CPU
		{8E49AD42-946F-4E56-9BE0-5FE2EF18BF3E}.Release|x64.Build.0 = Release|Any CPU
		{8E49AD42-946F-4E56-9BE0-5FE2EF18BF3E}.Release|x86.ActiveCfg = Release|Any CPU
		{8E49AD42-946F-4E56-9BE0-5FE2EF18BF3E}.Release|x86.Build.0 = Release|Any CPU
		{87AD9B7B-E94C-5740-18D9-134AAAA601CA}.Debug|Any CPU.ActiveCfg = Debug|Any CPU
		{87AD9B7B-E94C-5740-18D9-134AAAA601CA}.Debug|Any CPU.Build.0 = Debug|Any CPU
		{87AD9B7B-E94C-5740-18D9-134AAAA601CA}.Debug|x64.ActiveCfg = Debug|Any CPU
		{87AD9B7B-E94C-5740-18D9-134AAAA601CA}.Debug|x64.Build.0 = Debug|Any CPU
		{87AD9B7B-E94C-5740-18D9-134AAAA601CA}.Debug|x86.ActiveCfg = Debug|Any CPU
		{87AD9B7B-E94C-5740-18D9-134AAAA601CA}.Debug|x86.Build.0 = Debug|Any CPU
		{87AD9B7B-E94C-5740-18D9-134AAAA601CA}.Release|Any CPU.ActiveCfg = Release|Any CPU
		{87AD9B7B-E94C-5740-18D9-134AAAA601CA}.Release|Any CPU.Build.0 = Release|Any CPU
		{87AD9B7B-E94C-5740-18D9-134AAAA601CA}.Release|x64.ActiveCfg = Release|Any CPU
		{87AD9B7B-E94C-5740-18D9-134AAAA601CA}.Release|x64.Build.0 = Release|Any CPU
		{87AD9B7B-E94C-5740-18D9-134AAAA601CA}.Release|x86.ActiveCfg = Release|Any CPU
		{87AD9B7B-E94C-5740-18D9-134AAAA601CA}.Release|x86.Build.0 = Release|Any CPU
		{9379D98B-4AE7-49C1-9D71-D30FC01ECA7A}.Debug|Any CPU.ActiveCfg = Debug|Any CPU
		{9379D98B-4AE7-49C1-9D71-D30FC01ECA7A}.Debug|Any CPU.Build.0 = Debug|Any CPU
		{9379D98B-4AE7-49C1-9D71-D30FC01ECA7A}.Debug|x64.ActiveCfg = Debug|Any CPU
		{9379D98B-4AE7-49C1-9D71-D30FC01ECA7A}.Debug|x64.Build.0 = Debug|Any CPU
		{9379D98B-4AE7-49C1-9D71-D30FC01ECA7A}.Debug|x86.ActiveCfg = Debug|Any CPU
		{9379D98B-4AE7-49C1-9D71-D30FC01ECA7A}.Debug|x86.Build.0 = Debug|Any CPU
		{9379D98B-4AE7-49C1-9D71-D30FC01ECA7A}.Release|Any CPU.ActiveCfg = Release|Any CPU
		{9379D98B-4AE7-49C1-9D71-D30FC01ECA7A}.Release|Any CPU.Build.0 = Release|Any CPU
		{9379D98B-4AE7-49C1-9D71-D30FC01ECA7A}.Release|x64.ActiveCfg = Release|Any CPU
		{9379D98B-4AE7-49C1-9D71-D30FC01ECA7A}.Release|x64.Build.0 = Release|Any CPU
		{9379D98B-4AE7-49C1-9D71-D30FC01ECA7A}.Release|x86.ActiveCfg = Release|Any CPU
		{9379D98B-4AE7-49C1-9D71-D30FC01ECA7A}.Release|x86.Build.0 = Release|Any CPU
		{1EE9CCAD-94AA-4191-AC36-EF3E9DAD26CC}.Debug|Any CPU.ActiveCfg = Debug|Any CPU
		{1EE9CCAD-94AA-4191-AC36-EF3E9DAD26CC}.Debug|Any CPU.Build.0 = Debug|Any CPU
		{1EE9CCAD-94AA-4191-AC36-EF3E9DAD26CC}.Debug|x64.ActiveCfg = Debug|Any CPU
		{1EE9CCAD-94AA-4191-AC36-EF3E9DAD26CC}.Debug|x64.Build.0 = Debug|Any CPU
		{1EE9CCAD-94AA-4191-AC36-EF3E9DAD26CC}.Debug|x86.ActiveCfg = Debug|Any CPU
		{1EE9CCAD-94AA-4191-AC36-EF3E9DAD26CC}.Debug|x86.Build.0 = Debug|Any CPU
		{1EE9CCAD-94AA-4191-AC36-EF3E9DAD26CC}.Release|Any CPU.ActiveCfg = Release|Any CPU
		{1EE9CCAD-94AA-4191-AC36-EF3E9DAD26CC}.Release|Any CPU.Build.0 = Release|Any CPU
		{1EE9CCAD-94AA-4191-AC36-EF3E9DAD26CC}.Release|x64.ActiveCfg = Release|Any CPU
		{1EE9CCAD-94AA-4191-AC36-EF3E9DAD26CC}.Release|x64.Build.0 = Release|Any CPU
		{1EE9CCAD-94AA-4191-AC36-EF3E9DAD26CC}.Release|x86.ActiveCfg = Release|Any CPU
		{1EE9CCAD-94AA-4191-AC36-EF3E9DAD26CC}.Release|x86.Build.0 = Release|Any CPU
		{4CB1DB19-8D42-49E9-BE95-AEE5CF51F0F3}.Debug|Any CPU.ActiveCfg = Debug|Any CPU
		{4CB1DB19-8D42-49E9-BE95-AEE5CF51F0F3}.Debug|Any CPU.Build.0 = Debug|Any CPU
		{4CB1DB19-8D42-49E9-BE95-AEE5CF51F0F3}.Debug|x64.ActiveCfg = Debug|Any CPU
		{4CB1DB19-8D42-49E9-BE95-AEE5CF51F0F3}.Debug|x64.Build.0 = Debug|Any CPU
		{4CB1DB19-8D42-49E9-BE95-AEE5CF51F0F3}.Debug|x86.ActiveCfg = Debug|Any CPU
		{4CB1DB19-8D42-49E9-BE95-AEE5CF51F0F3}.Debug|x86.Build.0 = Debug|Any CPU
		{4CB1DB19-8D42-49E9-BE95-AEE5CF51F0F3}.Release|Any CPU.ActiveCfg = Release|Any CPU
		{4CB1DB19-8D42-49E9-BE95-AEE5CF51F0F3}.Release|Any CPU.Build.0 = Release|Any CPU
		{4CB1DB19-8D42-49E9-BE95-AEE5CF51F0F3}.Release|x64.ActiveCfg = Release|Any CPU
		{4CB1DB19-8D42-49E9-BE95-AEE5CF51F0F3}.Release|x64.Build.0 = Release|Any CPU
		{4CB1DB19-8D42-49E9-BE95-AEE5CF51F0F3}.Release|x86.ActiveCfg = Release|Any CPU
		{4CB1DB19-8D42-49E9-BE95-AEE5CF51F0F3}.Release|x86.Build.0 = Release|Any CPU
		{4522641E-B24B-481F-8F96-D0A86CE4E541}.Debug|Any CPU.ActiveCfg = Debug|Any CPU
		{4522641E-B24B-481F-8F96-D0A86CE4E541}.Debug|Any CPU.Build.0 = Debug|Any CPU
		{4522641E-B24B-481F-8F96-D0A86CE4E541}.Debug|x64.ActiveCfg = Debug|Any CPU
		{4522641E-B24B-481F-8F96-D0A86CE4E541}.Debug|x64.Build.0 = Debug|Any CPU
		{4522641E-B24B-481F-8F96-D0A86CE4E541}.Debug|x86.ActiveCfg = Debug|Any CPU
		{4522641E-B24B-481F-8F96-D0A86CE4E541}.Debug|x86.Build.0 = Debug|Any CPU
		{4522641E-B24B-481F-8F96-D0A86CE4E541}.Release|Any CPU.ActiveCfg = Release|Any CPU
		{4522641E-B24B-481F-8F96-D0A86CE4E541}.Release|Any CPU.Build.0 = Release|Any CPU
		{4522641E-B24B-481F-8F96-D0A86CE4E541}.Release|x64.ActiveCfg = Release|Any CPU
		{4522641E-B24B-481F-8F96-D0A86CE4E541}.Release|x64.Build.0 = Release|Any CPU
		{4522641E-B24B-481F-8F96-D0A86CE4E541}.Release|x86.ActiveCfg = Release|Any CPU
		{4522641E-B24B-481F-8F96-D0A86CE4E541}.Release|x86.Build.0 = Release|Any CPU
	EndGlobalSection
	GlobalSection(SolutionProperties) = preSolution
		HideSolutionNode = FALSE
	EndGlobalSection
	GlobalSection(NestedProjects) = preSolution
		{2C760301-627E-4A69-BED5-3F6F7D66D020} = {827E0CD3-B72D-47B6-A68D-7590B98EB39B}
		{914547E5-5E94-453B-AB0E-81DF065436B4} = {02EA681E-C7D8-13C7-8484-4AC65E1B71E8}
		{0C200576-93CD-4386-868E-030D242DF945} = {4ED0E655-3656-4352-87D1-27B71E707010}
		{0BF07DA6-7EB2-4B02-93C2-51D6C7510690} = {0AB3BF05-4346-4AA6-1389-037BE0695223}
		{6CDEE5E7-9252-4069-AAD9-F33BCA1B9A2F} = {827E0CD3-B72D-47B6-A68D-7590B98EB39B}
		{A2FC0E4C-0DA2-4960-9C83-02CA1EB5B7C6} = {827E0CD3-B72D-47B6-A68D-7590B98EB39B}
		{8E49AD42-946F-4E56-9BE0-5FE2EF18BF3E} = {827E0CD3-B72D-47B6-A68D-7590B98EB39B}
		{87AD9B7B-E94C-5740-18D9-134AAAA601CA} = {079A8F42-8708-4B24-BCE9-6CFCA0B53076}
		{9379D98B-4AE7-49C1-9D71-D30FC01ECA7A} = {079A8F42-8708-4B24-BCE9-6CFCA0B53076}
		{1EE9CCAD-94AA-4191-AC36-EF3E9DAD26CC} = {079A8F42-8708-4B24-BCE9-6CFCA0B53076}
		{4CB1DB19-8D42-49E9-BE95-AEE5CF51F0F3} = {079A8F42-8708-4B24-BCE9-6CFCA0B53076}
		{4522641E-B24B-481F-8F96-D0A86CE4E541} = {827E0CD3-B72D-47B6-A68D-7590B98EB39B}
	EndGlobalSection
	GlobalSection(ExtensibilityGlobals) = postSolution
		SolutionGuid = {CABE28F4-53F4-4A91-9449-D809DD633C77}
	EndGlobalSection
EndGlobal
