
Microsoft Visual Studio Solution File, Format Version 12.00
# Visual Studio Version 17
VisualStudioVersion = 17.0.31903.59
MinimumVisualStudioVersion = 10.0.40219.1
Project("{2150E333-8FDC-42A3-9474-1A3956D46DE8}") = "src", "src", "{827E0CD3-B72D-47B6-A68D-7590B98EB39B}"
EndProject
Project("{FAE04EC0-301F-11D3-BF4B-00C04F79EFBC}") = "FluentAnnotationsValidator", "src\FluentAnnotationsValidator\FluentAnnotationsValidator.csproj", "{2C760301-627E-4A69-BED5-3F6F7D66D020}"
EndProject
Project("{FAE04EC0-301F-11D3-BF4B-00C04F79EFBC}") = "FluentAnnotationsValidator.AspNetCore", "src\FluentAnnotationsValidator.AspNetCore\FluentAnnotationsValidator.AspNetCore.csproj", "{D3FEAEF4-8735-4648-A7E8-19F94BDCB312}"
EndProject
Project("{2150E333-8FDC-42A3-9474-1A3956D46DE8}") = "tests", "tests", "{0AB3BF05-4346-4AA6-1389-037BE0695223}"
EndProject
Project("{FAE04EC0-301F-11D3-BF4B-00C04F79EFBC}") = "FluentAnnotationsValidator.Tests", "tests\FluentAnnotationsValidator.Tests\FluentAnnotationsValidator.Tests.csproj", "{0BF07DA6-7EB2-4B02-93C2-51D6C7510690}"
EndProject
Project("{FAE04EC0-301F-11D3-BF4B-00C04F79EFBC}") = "FluentAnnotationsValidator.AspNetCore.Tests", "tests\FluentAnnotationsValidator.AspNetCore.Tests\FluentAnnotationsValidator.AspNetCore.Tests.csproj", "{AB9CCED3-339A-4B16-A0CC-73708436BAF7}"
EndProject
Global
	GlobalSection(SolutionConfigurationPlatforms) = preSolution
		Debug|Any CPU = Debug|Any CPU
		Debug|x64 = Debug|x64
		Debug|x86 = Debug|x86
		Release|Any CPU = Release|Any CPU
		Release|x64 = Release|x64
		Release|x86 = Release|x86
	EndGlobalSection
	GlobalSection(ProjectConfigurationPlatforms) = postSolution
		{2C760301-627E-4A69-BED5-3F6F7D66D020}.Debug|Any CPU.ActiveCfg = Debug|Any CPU
		{2C760301-627E-4A69-BED5-3F6F7D66D020}.Debug|Any CPU.Build.0 = Debug|Any CPU
		{2C760301-627E-4A69-BED5-3F6F7D66D020}.Debug|x64.ActiveCfg = Debug|Any CPU
		{2C760301-627E-4A69-BED5-3F6F7D66D020}.Debug|x64.Build.0 = Debug|Any CPU
		{2C760301-627E-4A69-BED5-3F6F7D66D020}.Debug|x86.ActiveCfg = Debug|Any CPU
		{2C760301-627E-4A69-BED5-3F6F7D66D020}.Debug|x86.Build.0 = Debug|Any CPU
		{2C760301-627E-4A69-BED5-3F6F7D66D020}.Release|Any CPU.ActiveCfg = Release|Any CPU
		{2C760301-627E-4A69-BED5-3F6F7D66D020}.Release|Any CPU.Build.0 = Release|Any CPU
		{2C760301-627E-4A69-BED5-3F6F7D66D020}.Release|x64.ActiveCfg = Release|Any CPU
		{2C760301-627E-4A69-BED5-3F6F7D66D020}.Release|x64.Build.0 = Release|Any CPU
		{2C760301-627E-4A69-BED5-3F6F7D66D020}.Release|x86.ActiveCfg = Release|Any CPU
		{2C760301-627E-4A69-BED5-3F6F7D66D020}.Release|x86.Build.0 = Release|Any CPU
		{D3FEAEF4-8735-4648-A7E8-19F94BDCB312}.Debug|Any CPU.ActiveCfg = Debug|Any CPU
		{D3FEAEF4-8735-4648-A7E8-19F94BDCB312}.Debug|Any CPU.Build.0 = Debug|Any CPU
		{D3FEAEF4-8735-4648-A7E8-19F94BDCB312}.Debug|x64.ActiveCfg = Debug|Any CPU
		{D3FEAEF4-8735-4648-A7E8-19F94BDCB312}.Debug|x64.Build.0 = Debug|Any CPU
		{D3FEAEF4-8735-4648-A7E8-19F94BDCB312}.Debug|x86.ActiveCfg = Debug|Any CPU
		{D3FEAEF4-8735-4648-A7E8-19F94BDCB312}.Debug|x86.Build.0 = Debug|Any CPU
		{D3FEAEF4-8735-4648-A7E8-19F94BDCB312}.Release|Any CPU.ActiveCfg = Release|Any CPU
		{D3FEAEF4-8735-4648-A7E8-19F94BDCB312}.Release|Any CPU.Build.0 = Release|Any CPU
		{D3FEAEF4-8735-4648-A7E8-19F94BDCB312}.Release|x64.ActiveCfg = Release|Any CPU
		{D3FEAEF4-8735-4648-A7E8-19F94BDCB312}.Release|x64.Build.0 = Release|Any CPU
		{D3FEAEF4-8735-4648-A7E8-19F94BDCB312}.Release|x86.ActiveCfg = Release|Any CPU
		{D3FEAEF4-8735-4648-A7E8-19F94BDCB312}.Release|x86.Build.0 = Release|Any CPU
		{0BF07DA6-7EB2-4B02-93C2-51D6C7510690}.Debug|Any CPU.ActiveCfg = Debug|Any CPU
		{0BF07DA6-7EB2-4B02-93C2-51D6C7510690}.Debug|Any CPU.Build.0 = Debug|Any CPU
		{0BF07DA6-7EB2-4B02-93C2-51D6C7510690}.Debug|x64.ActiveCfg = Debug|Any CPU
		{0BF07DA6-7EB2-4B02-93C2-51D6C7510690}.Debug|x64.Build.0 = Debug|Any CPU
		{0BF07DA6-7EB2-4B02-93C2-51D6C7510690}.Debug|x86.ActiveCfg = Debug|Any CPU
		{0BF07DA6-7EB2-4B02-93C2-51D6C7510690}.Debug|x86.Build.0 = Debug|Any CPU
		{0BF07DA6-7EB2-4B02-93C2-51D6C7510690}.Release|Any CPU.ActiveCfg = Release|Any CPU
		{0BF07DA6-7EB2-4B02-93C2-51D6C7510690}.Release|Any CPU.Build.0 = Release|Any CPU
		{0BF07DA6-7EB2-4B02-93C2-51D6C7510690}.Release|x64.ActiveCfg = Release|Any CPU
		{0BF07DA6-7EB2-4B02-93C2-51D6C7510690}.Release|x64.Build.0 = Release|Any CPU
		{0BF07DA6-7EB2-4B02-93C2-51D6C7510690}.Release|x86.ActiveCfg = Release|Any CPU
		{0BF07DA6-7EB2-4B02-93C2-51D6C7510690}.Release|x86.Build.0 = Release|Any CPU
		{AB9CCED3-339A-4B16-A0CC-73708436BAF7}.Debug|Any CPU.ActiveCfg = Debug|Any CPU
		{AB9CCED3-339A-4B16-A0CC-73708436BAF7}.Debug|Any CPU.Build.0 = Debug|Any CPU
		{AB9CCED3-339A-4B16-A0CC-73708436BAF7}.Debug|x64.ActiveCfg = Debug|Any CPU
		{AB9CCED3-339A-4B16-A0CC-73708436BAF7}.Debug|x64.Build.0 = Debug|Any CPU
		{AB9CCED3-339A-4B16-A0CC-73708436BAF7}.Debug|x86.ActiveCfg = Debug|Any CPU
		{AB9CCED3-339A-4B16-A0CC-73708436BAF7}.Debug|x86.Build.0 = Debug|Any CPU
		{AB9CCED3-339A-4B16-A0CC-73708436BAF7}.Release|Any CPU.ActiveCfg = Release|Any CPU
		{AB9CCED3-339A-4B16-A0CC-73708436BAF7}.Release|Any CPU.Build.0 = Release|Any CPU
		{AB9CCED3-339A-4B16-A0CC-73708436BAF7}.Release|x64.ActiveCfg = Release|Any CPU
		{AB9CCED3-339A-4B16-A0CC-73708436BAF7}.Release|x64.Build.0 = Release|Any CPU
		{AB9CCED3-339A-4B16-A0CC-73708436BAF7}.Release|x86.ActiveCfg = Release|Any CPU
		{AB9CCED3-339A-4B16-A0CC-73708436BAF7}.Release|x86.Build.0 = Release|Any CPU
	EndGlobalSection
	GlobalSection(SolutionProperties) = preSolution
		HideSolutionNode = FALSE
	EndGlobalSection
	GlobalSection(NestedProjects) = preSolution
		{2C760301-627E-4A69-BED5-3F6F7D66D020} = {827E0CD3-B72D-47B6-A68D-7590B98EB39B}
		{D3FEAEF4-8735-4648-A7E8-19F94BDCB312} = {827E0CD3-B72D-47B6-A68D-7590B98EB39B}
		{0BF07DA6-7EB2-4B02-93C2-51D6C7510690} = {0AB3BF05-4346-4AA6-1389-037BE0695223}
		{AB9CCED3-339A-4B16-A0CC-73708436BAF7} = {0AB3BF05-4346-4AA6-1389-037BE0695223}
	EndGlobalSection
EndGlobal
